# This file is automatically @generated by Poetry 2.2.1 and should not be changed by hand.

[[package]]
name = "cplex"
version = "22.1.2.0"
description = "A Python interface to the CPLEX Callable Library, Community Edition."
optional = false
python-versions = ">=3.9"
groups = ["main"]
files = [
    {file = "cplex-22.1.2.0-cp310-cp310-macosx_10_6_x86_64.whl", hash = "sha256:3045967d8122d9dc1e2afbc72f6e029a5c1fc149c1d8a14b7ab84cf2270bf700"},
    {file = "cplex-22.1.2.0-cp310-cp310-macosx_11_0_arm64.whl", hash = "sha256:9a3f2d049221894654cfb3ab7123574759f3446a01cee804110aa73425318307"},
    {file = "cplex-22.1.2.0-cp310-cp310-manylinux2014_aarch64.whl", hash = "sha256:05aa14e05a374eef925618b7b229fb6720932573247aae7f1766efb74385a534"},
    {file = "cplex-22.1.2.0-cp310-cp310-manylinux2014_ppc64le.whl", hash = "sha256:e7097f6cc23180e97a63d5dfdcb37ab9833fffdc38fa7ee34e7ec6e5d34a8d0f"},
    {file = "cplex-22.1.2.0-cp310-cp310-manylinux2014_x86_64.whl", hash = "sha256:c43e67eac01a89b71b2ede70257889bf74a0d2c221f0e31ffcdc101c5520f79c"},
    {file = "cplex-22.1.2.0-cp310-cp310-win_amd64.whl", hash = "sha256:c58101462cc8aee00ef041c003e9776a4877dd1563fc5d6a737a953ce51f9f83"},
    {file = "cplex-22.1.2.0-cp311-cp311-macosx_10_6_x86_64.whl", hash = "sha256:09b5176113c9ab7f2c049afd534627d470381280e514426ff74d6703229010c7"},
    {file = "cplex-22.1.2.0-cp311-cp311-macosx_11_0_arm64.whl", hash = "sha256:328eb996caa55f9e10271b9dd40391d12fe600f8f47ff26274977416d8163797"},
    {file = "cplex-22.1.2.0-cp311-cp311-manylinux2014_aarch64.whl", hash = "sha256:f976ce0166bd0e68740e4b514d1395b4f16e8103ef50d9a8f157c1cc916db216"},
    {file = "cplex-22.1.2.0-cp311-cp311-manylinux2014_ppc64le.whl", hash = "sha256:e875852bd46361b799950cc6854870a5e3d86f7238d4a8ba97648497521bb52b"},
    {file = "cplex-22.1.2.0-cp311-cp311-manylinux2014_x86_64.whl", hash = "sha256:bee12d488df86da5142ccb986fdf537df9ccff8837f33e5f0bc504b0e9b5d3f7"},
    {file = "cplex-22.1.2.0-cp311-cp311-win_amd64.whl", hash = "sha256:afbbad8aaede41255b703ab758452df9a899dbad48366bd0c9991fb219d57062"},
    {file = "cplex-22.1.2.0-cp312-cp312-macosx_10_6_x86_64.whl", hash = "sha256:1e7693a00bc35ada61c63b13a0a0eaae5050ff51d4aedf39b2bf361d87f76ae3"},
    {file = "cplex-22.1.2.0-cp312-cp312-macosx_11_0_arm64.whl", hash = "sha256:1e683f2028bc6ec9999f9635fb5c11e8061f489af4a5691a3ec5c66dacb6ef2f"},
    {file = "cplex-22.1.2.0-cp312-cp312-manylinux2014_aarch64.whl", hash = "sha256:feb5b9c6f437c3cacb0dc6b12fde6bdf6e266074cac9f535e641794363a26254"},
    {file = "cplex-22.1.2.0-cp312-cp312-manylinux2014_ppc64le.whl", hash = "sha256:3e8fd6127121a28ac6499cda16c5a96fa45e5ba92c20f44abc18ee734aef819e"},
    {file = "cplex-22.1.2.0-cp312-cp312-manylinux2014_x86_64.whl", hash = "sha256:0c28a0a3b1dde31d2640965feb5d7c513ade2ad4faabf58f7783c21093674b8b"},
    {file = "cplex-22.1.2.0-cp312-cp312-win_amd64.whl", hash = "sha256:aa3c0ecec114a0e706def5674f94f04a44b6c5500168909381c034951677fcca"},
    {file = "cplex-22.1.2.0-cp39-cp39-macosx_10_6_x86_64.whl", hash = "sha256:8650b9a80d100433fc1514b7d2cd0c10c53444672d8c1cad36845ac932ddb6e2"},
    {file = "cplex-22.1.2.0-cp39-cp39-macosx_11_0_arm64.whl", hash = "sha256:e86b021fb89896a3d1b116d20c9a2baad600fca03ab7992d16742c4b1c97fc04"},
    {file = "cplex-22.1.2.0-cp39-cp39-manylinux2014_aarch64.whl", hash = "sha256:9332932334e3a9682a2a239a08c0169fe50e3f8d08fec84b9b120c7191c90737"},
    {file = "cplex-22.1.2.0-cp39-cp39-manylinux2014_ppc64le.whl", hash = "sha256:52ae74c59bac3d9a1319b7a6e4c0be94a9dc223fbcd028601dbf347ef8755ca4"},
    {file = "cplex-22.1.2.0-cp39-cp39-manylinux2014_x86_64.whl", hash = "sha256:3c8dc025044718863493fa8912ef6de5a70e8440e9fb0b59748b0207064f1507"},
    {file = "cplex-22.1.2.0-cp39-cp39-win_amd64.whl", hash = "sha256:bb43252083f7d8a8b67b18876b0387ea84304c8a200461b8a8426ef8a4b4bb78"},
]

[[package]]
name = "docplex"
version = "2.28.240"
description = "The IBM Decision Optimization CPLEX Modeling for Python"
optional = false
python-versions = "*"
groups = ["main"]
files = [
    {file = "docplex-2.28.240.tar.gz", hash = "sha256:c0de407e33f8709bb4cd91b6efeb96fd88bfecbdce2caec51afb79253bde6ff5"},
]

[package.dependencies]
six = "*"

[[package]]
name = "six"
version = "1.16.0"
description = "Python 2 and 3 compatibility utilities"
optional = false
python-versions = ">=2.7, !=3.0.*, !=3.1.*, !=3.2.*"
groups = ["main"]
files = [
    {file = "six-1.16.0-py2.py3-none-any.whl", hash = "sha256:8abb2f1d86890a2dfb989f9a77cfcfd3e47c2a354b01111771326f8aa26e0254"},
    {file = "six-1.16.0.tar.gz", hash = "sha256:1e61c37477a1626458e36f7b1d82aa5c9b094fa4802892072e49de9c60c4c926"},
]

[metadata]
lock-version = "2.1"
python-versions = "^3.9"
content-hash = "54f965d5720d4d2c2e8765d167bb232da89736ac8084cf83c03a39400d2d2f5d"
